
Microsoft Visual Studio Solution File, Format Version 12.00
# Visual Studio Version 17
VisualStudioVersion = 17.13.35818.85
MinimumVisualStudioVersion = 10.0.40219.1
Project("{FAE04EC0-301F-11D3-BF4B-00C04F79EFBC}") = "AdminService", "AdminService\AdminService.csproj", "{16C8EA1D-F617-4AC2-BC3B-E990B5EFB4F0}"
EndProject
Project("{FAE04EC0-301F-11D3-BF4B-00C04F79EFBC}") = "ApiGateway", "ApiGateway\ApiGateway.csproj", "{B3291024-8364-4D45-B831-4344FD0E7AB4}"
EndProject
Global
	GlobalSection(SolutionConfigurationPlatforms) = preSolution
		Debug|Any CPU = Debug|Any CPU
		Release|Any CPU = Release|Any CPU
	EndGlobalSection
	GlobalSection(ProjectConfigurationPlatforms) = postSolution
		{16C8EA1D-F617-4AC2-BC3B-E990B5EFB4F0}.Debug|Any CPU.ActiveCfg = Debug|Any CPU
		{16C8EA1D-F617-4AC2-BC3B-E990B5EFB4F0}.Debug|Any CPU.Build.0 = Debug|Any CPU
		{16C8EA1D-F617-4AC2-BC3B-E990B5EFB4F0}.Release|Any CPU.ActiveCfg = Release|Any CPU
		{16C8EA1D-F617-4AC2-BC3B-E990B5EFB4F0}.Release|Any CPU.Build.0 = Release|Any CPU
		{B3291024-8364-4D45-B831-4344FD0E7AB4}.Debug|Any CPU.ActiveCfg = Debug|Any CPU
		{B3291024-8364-4D45-B831-4344FD0E7AB4}.Debug|Any CPU.Build.0 = Debug|Any CPU
		{B3291024-8364-4D45-B831-4344FD0E7AB4}.Release|Any CPU.ActiveCfg = Release|Any CPU
		{B3291024-8364-4D45-B831-4344FD0E7AB4}.Release|Any CPU.Build.0 = Release|Any CPU
	EndGlobalSection
	GlobalSection(SolutionProperties) = preSolution
		HideSolutionNode = FALSE
	EndGlobalSection
	GlobalSection(ExtensibilityGlobals) = postSolution
		SolutionGuid = {7AC7FA5D-8F22-4239-A48F-92628C414BF1}
	EndGlobalSection
EndGlobal
